
Microsoft Visual Studio Solution File, Format Version 12.00
# Visual Studio 15
VisualStudioVersion = 15.0.27428.2015
MinimumVisualStudioVersion = 10.0.40219.1
Project("{9A19103F-16F7-4668-BE54-9A1E7A4F7556}") = "ImageObjectRecognizer", "ImageObjectRecognizer\ImageObjectRecognizer.csproj", "{91CB7E48-7355-43DE-9CE2-A2004111A0CD}"
EndProject
Global
	GlobalSection(SolutionConfigurationPlatforms) = preSolution
		Debug|Any CPU = Debug|Any CPU
		Release|Any CPU = Release|Any CPU
	EndGlobalSection
	GlobalSection(ProjectConfigurationPlatforms) = postSolution
		{91CB7E48-7355-43DE-9CE2-A2004111A0CD}.Debug|Any CPU.ActiveCfg = Debug|Any CPU
		{91CB7E48-7355-43DE-9CE2-A2004111A0CD}.Debug|Any CPU.Build.0 = Debug|Any CPU
		{91CB7E48-7355-43DE-9CE2-A2004111A0CD}.Release|Any CPU.ActiveCfg = Release|Any CPU
		{91CB7E48-7355-43DE-9CE2-A2004111A0CD}.Release|Any CPU.Build.0 = Release|Any CPU
	EndGlobalSection
	GlobalSection(SolutionProperties) = preSolution
		HideSolutionNode = FALSE
	EndGlobalSection
	GlobalSection(ExtensibilityGlobals) = postSolution
		SolutionGuid = {09A12C00-AD88-4897-B6DC-8F9179669E65}
	EndGlobalSection
EndGlobal
